{
  "name": "abap2ui5-table-content-loader",
  "version": "1.0.0",
  "lockfileVersion": 3,
  "requires": true,
  "packages": {
    "": {
      "name": "abap2ui5-table-content-loader",
      "version": "1.0.0",
      "license": "MIT",
      "devDependencies": {
        "@abaplint/cli": "^2.119.14",
        "@abaplint/database-sqlite": "^2.11.78",
        "@abaplint/runtime": "^2.13.22",
        "@abaplint/transpiler-cli": "^2.13.22",
        "@types/node": "^22.10.5",
        "npm-check-updates": "^17.1.18"
      }
    },
    "node_modules/@abaplint/cli": {
      "version": "2.119.65",
      "resolved": "https://registry.npmjs.org/@abaplint/cli/-/cli-2.119.65.tgz",
      "integrity": "sha512-ezPrkiIOd31CR13G7KPGz0Hdhh5/ijx68N6aosOdYFsYEe+actT7N7WmM0xz+NjZkUNRC1xCA90HZv/lUE5hSQ==",
      "dev": true,
      "license": "MIT",
      "bin": {
        "abaplint": "abaplint"
      },
      "engines": {
        "node": ">=18.0.0"
      },
      "funding": {
        "url": "https://github.com/sponsors/larshp"
      }
    },
    "node_modules/@abaplint/database-sqlite": {
      "version": "2.13.40",
      "resolved": "https://registry.npmjs.org/@abaplint/database-sqlite/-/database-sqlite-2.13.40.tgz",
      "integrity": "sha512-mgY84XJtoNThMXxNrsw9eq3Emc98lHMFlGJ9swz6nFJ5x+sivp5/lhr0SBJmFPnbg0KBj+dRb4Xgg3mKBABazQ==",
      "dev": true,
      "license": "MIT",
      "dependencies": {
        "sql.js": "^1.11.0"
      }
    },
    "node_modules/@abaplint/runtime": {
      "version": "2.13.40",
      "resolved": "https://registry.npmjs.org/@abaplint/runtime/-/runtime-2.13.40.tgz",
      "integrity": "sha512-Wm8eWtnzNaMiTaQ6CboRJqjHFlJ2S6JEC8QuMd6heAdtLZY5YBJidja6ityVzchAcoL5r+wrmyAyTJ4/m2LfgA==",
      "dev": true,
      "license": "MIT",
      "dependencies": {
        "temporal-polyfill": "^0.3.2"
      },
      "funding": {
        "url": "https://github.com/sponsors/larshp"
      }
    },
    "node_modules/@abaplint/transpiler-cli": {
      "version": "2.13.40",
      "resolved": "https://registry.npmjs.org/@abaplint/transpiler-cli/-/transpiler-cli-2.13.40.tgz",
      "integrity": "sha512-d7dVOIAJR3lVj+aV3Fsvk9drK9/sRYq0YkCyGxbB8xq7Qm1eC9WTXH0w0Rf9KSYiilcoHdE+QMxUr5rS4163MQ==",
      "dev": true,
      "license": "MIT",
      "bin": {
        "abap_transpile": "abap_transpile"
      },
      "funding": {
        "url": "https://github.com/sponsors/larshp"
      }
    },
    "node_modules/@types/node": {
      "version": "22.20.1",
      "resolved": "https://registry.npmjs.org/@types/node/-/node-22.20.1.tgz",
      "integrity": "sha512-EANqOCF9QFyra+4pfxUcX9STKJpCLjMbObVzljIJomAWSnuSIEAvyzEU53GaajbXJEgdh0iEcPL+DGvpUd4k1Q==",
      "dev": true,
      "license": "MIT",
      "dependencies": {
        "undici-types": "~6.21.0"
      }
    },
    "node_modules/npm-check-updates": {
      "version": "17.1.18",
      "resolved": "https://registry.npmjs.org/npm-check-updates/-/npm-check-updates-17.1.18.tgz",
      "integrity": "sha512-bkUy2g4v1i+3FeUf5fXMLbxmV95eG4/sS7lYE32GrUeVgQRfQEk39gpskksFunyaxQgTIdrvYbnuNbO/pSUSqw==",
      "dev": true,
      "license": "Apache-2.0",
      "bin": {
        "ncu": "build/cli.js",
        "npm-check-updates": "build/cli.js"
      },
      "engines": {
        "node": "^18.18.0 || >=20.0.0",
        "npm": ">=8.12.1"
      }
    },
    "node_modules/sql.js": {
      "version": "1.14.1",
      "resolved": "https://registry.npmjs.org/sql.js/-/sql.js-1.14.1.tgz",
      "integrity": "sha512-gcj8zBWU5cFsi9WUP+4bFNXAyF1iRpA3LLyS/DP5xlrNzGmPIizUeBggKa8DbDwdqaKwUcTEnChtd2grWo/x/A==",
      "dev": true,
      "license": "MIT"
    },
    "node_modules/temporal-polyfill": {
      "version": "0.3.2",
      "resolved": "https://registry.npmjs.org/temporal-polyfill/-/temporal-polyfill-0.3.2.tgz",
      "integrity": "sha512-TzHthD/heRK947GNiSu3Y5gSPpeUDH34+LESnfsq8bqpFhsB79HFBX8+Z834IVX68P3EUyRPZK5bL/1fh437Eg==",
      "dev": true,
      "license": "MIT",
      "dependencies": {
        "temporal-spec": "0.3.1"
      }
    },
    "node_modules/temporal-spec": {
      "version": "0.3.1",
      "resolved": "https://registry.npmjs.org/temporal-spec/-/temporal-spec-0.3.1.tgz",
      "integrity": "sha512-B4TUhezh9knfSIMwt7RVggApDRJZo73uZdj8AacL2mZ8RP5KtLianh2MXxL06GN9ESYiIsiuoLQhgVfwe55Yhw==",
      "dev": true,
      "license": "ISC"
    },
    "node_modules/undici-types": {
      "version": "6.21.0",
      "resolved": "https://registry.npmjs.org/undici-types/-/undici-types-6.21.0.tgz",
      "integrity": "sha512-iwDZqg0QAGrg9Rav5H4n0M64c3mkR59cJ6wQp+7C4nI0gsmExaedaYLNO44eT4AtBBwjbTiGPMlt2Md0T9H9JQ==",
      "dev": true,
      "license": "MIT"
    }
  }
}
