{
  "name": "abap2ui5-table-content-loader",
  "version": "1.0.0",
  "lockfileVersion": 3,
  "requires": true,
  "packages": {
    "": {
      "name": "abap2ui5-table-content-loader",
      "version": "1.0.0",
      "license": "MIT",
      "devDependencies": {
        "@abaplint/cli": "^2.119.14"
      }
    },
    "node_modules/@abaplint/cli": {
      "version": "2.119.65",
      "resolved": "https://registry.npmjs.org/@abaplint/cli/-/cli-2.119.65.tgz",
      "integrity": "sha512-ezPrkiIOd31CR13G7KPGz0Hdhh5/ijx68N6aosOdYFsYEe+actT7N7WmM0xz+NjZkUNRC1xCA90HZv/lUE5hSQ==",
      "dev": true,
      "license": "MIT",
      "bin": {
        "abaplint": "abaplint"
      },
      "engines": {
        "node": ">=18.0.0"
      },
      "funding": {
        "url": "https://github.com/sponsors/larshp"
      }
    }
  }
}
